<?xml version="1.0" encoding="utf-8"?>
<Project ToolsVersion="4.0" xmlns="http://schemas.microsoft.com/developer/msbuild/2003">
  <ItemGroup>
    <Filter Include="源文件">
      <UniqueIdentifier>{4FC737F1-C7A5-4376-A066-2A32D752A2FF}</UniqueIdentifier>
      <Extensions>cpp;c;cc;cxx;def;odl;idl;hpj;bat;asm;asmx</Extensions>
    </Filter>
    <Filter Include="头文件">
      <UniqueIdentifier>{93995380-89BD-4b04-88EB-625FBE52EBFB}</UniqueIdentifier>
      <Extensions>h;hh;hpp;hxx;hm;inl;inc;xsd</Extensions>
    </Filter>
    <Filter Include="资源文件">
      <UniqueIdentifier>{67DA6AB6-F800-4c08-8B7A-83BB121AAD01}</UniqueIdentifier>
      <Extensions>rc;ico;cur;bmp;dlg;rc2;rct;bin;rgs;gif;jpg;jpeg;jpe;resx;tiff;tif;png;wav;mfcribbon-ms</Extensions>
    </Filter>
    <Filter Include="NN">
      <UniqueIdentifier>{d9c9f56e-7068-432b-992c-ca81c3c38603}</UniqueIdentifier>
    </Filter>
  </ItemGroup>
  <ItemGroup>
    <ClInclude Include="..\..\cppsrc\NN\config.h">
      <Filter>NN</Filter>
    </ClInclude>
    <ClInclude Include="..\..\cppsrc\NN\GTP.h">
      <Filter>NN</Filter>
    </ClInclude>
    <ClInclude Include="..\..\cppsrc\NN\Im2Col.h">
      <Filter>NN</Filter>
    </ClInclude>
    <ClInclude Include="..\..\cppsrc\NN\Network.h">
      <Filter>NN</Filter>
    </ClInclude>
    <ClInclude Include="..\..\cppsrc\NN\nn_cpp.h">
      <Filter>NN</Filter>
    </ClInclude>
    <ClInclude Include="..\..\cppsrc\NN\NNCache.h">
      <Filter>NN</Filter>
    </ClInclude>
    <ClInclude Include="..\..\cppsrc\NN\OpenCL.h">
      <Filter>NN</Filter>
    </ClInclude>
    <ClInclude Include="..\..\cppsrc\NN\OpenCLScheduler.h">
      <Filter>NN</Filter>
    </ClInclude>
    <ClInclude Include="..\..\cppsrc\NN\Random.h">
      <Filter>NN</Filter>
    </ClInclude>
    <ClInclude Include="..\..\cppsrc\NN\SMP.h">
      <Filter>NN</Filter>
    </ClInclude>
    <ClInclude Include="..\..\cppsrc\NN\ThreadPool.h">
      <Filter>NN</Filter>
    </ClInclude>
    <ClInclude Include="..\..\cppsrc\NN\Tuner.h">
      <Filter>NN</Filter>
    </ClInclude>
    <ClInclude Include="..\..\cppsrc\NN\Utils.h">
      <Filter>NN</Filter>
    </ClInclude>
    <ClInclude Include="..\..\cppsrc\Board.h">
      <Filter>头文件</Filter>
    </ClInclude>
    <ClInclude Include="..\..\cppsrc\Common.h">
      <Filter>头文件</Filter>
    </ClInclude>
    <ClInclude Include="..\..\cppsrc\ConsolePrt.h">
      <Filter>头文件</Filter>
    </ClInclude>
    <ClInclude Include="..\..\cppsrc\Evaluation.h">
      <Filter>头文件</Filter>
    </ClInclude>
    <ClInclude Include="..\..\cppsrc\Game.h">
      <Filter>头文件</Filter>
    </ClInclude>
    <ClInclude Include="..\..\cppsrc\GameData.h">
      <Filter>头文件</Filter>
    </ClInclude>
    <ClInclude Include="..\..\cppsrc\net_config.h">
      <Filter>头文件</Filter>
    </ClInclude>
    <ClInclude Include="..\..\cppsrc\PriorGomoku.h">
      <Filter>头文件</Filter>
    </ClInclude>
    <ClInclude Include="..\..\cppsrc\PriorRenju.h">
      <Filter>头文件</Filter>
    </ClInclude>
    <ClInclude Include="..\..\cppsrc\Search.h">
      <Filter>头文件</Filter>
    </ClInclude>
  </ItemGroup>
  <ItemGroup>
    <ClCompile Include="..\..\cppsrc\Board.cpp">
      <Filter>源文件</Filter>
    </ClCompile>
    <ClCompile Include="..\..\cppsrc\Gmk1.cpp">
      <Filter>源文件</Filter>
    </ClCompile>
    <ClCompile Include="..\..\cppsrc\Common.cpp">
      <Filter>源文件</Filter>
    </ClCompile>
    <ClCompile Include="..\..\cppsrc\Game.cpp">
      <Filter>源文件</Filter>
    </ClCompile>
    <ClCompile Include="..\..\cppsrc\ConsolePrt.cpp">
      <Filter>源文件</Filter>
    </ClCompile>
    <ClCompile Include="..\..\cppsrc\Evaluation.cpp">
      <Filter>源文件</Filter>
    </ClCompile>
    <ClCompile Include="..\..\cppsrc\PriorGomoku.cpp">
      <Filter>源文件</Filter>
    </ClCompile>
    <ClCompile Include="..\..\cppsrc\PriorRenju.cpp">
      <Filter>源文件</Filter>
    </ClCompile>
    <ClCompile Include="..\..\cppsrc\Search.cpp">
      <Filter>源文件</Filter>
    </ClCompile>
    <ClCompile Include="..\..\cppsrc\NN\GTP.cpp">
      <Filter>NN</Filter>
    </ClCompile>
    <ClCompile Include="..\..\cppsrc\NN\Network.cpp">
      <Filter>NN</Filter>
    </ClCompile>
    <ClCompile Include="..\..\cppsrc\NN\nn_cpp.cpp">
      <Filter>NN</Filter>
    </ClCompile>
    <ClCompile Include="..\..\cppsrc\NN\NNCache.cpp">
      <Filter>NN</Filter>
    </ClCompile>
    <ClCompile Include="..\..\cppsrc\NN\OpenCL.cpp">
      <Filter>NN</Filter>
    </ClCompile>
    <ClCompile Include="..\..\cppsrc\NN\OpenCLScheduler.cpp">
      <Filter>NN</Filter>
    </ClCompile>
    <ClCompile Include="..\..\cppsrc\NN\Random.cpp">
      <Filter>NN</Filter>
    </ClCompile>
    <ClCompile Include="..\..\cppsrc\NN\SMP.cpp">
      <Filter>NN</Filter>
    </ClCompile>
    <ClCompile Include="..\..\cppsrc\NN\Tuner.cpp">
      <Filter>NN</Filter>
    </ClCompile>
    <ClCompile Include="..\..\cppsrc\NN\Utils.cpp">
      <Filter>NN</Filter>
    </ClCompile>
  </ItemGroup>
</Project>